// !$*UTF8*$!
{
	archiveVersion = 1;
	classes = {
	};
	objectVersion = 50;
	objects = {

/* Begin PBXBuildFile section */
		B5141A5D24E477050040310E /* ResultBundle.swift in Sources */ = {isa = PBXBuildFile; fileRef = B5141A5C24E477050040310E /* ResultBundle.swift */; };
		B53404B724D6E6CF00B33393 /* REPLCommand.swift in Sources */ = {isa = PBXBuildFile; fileRef = B53404B624D6E6CF00B33393 /* REPLCommand.swift */; };
		B537B11024DD28BD00E0DF06 /* ActionTestPlanRunSummaries.swift in Sources */ = {isa = PBXBuildFile; fileRef = B537B10F24DD28BD00E0DF06 /* ActionTestPlanRunSummaries.swift */; };
		B537B11224DD903300E0DF06 /* ActionsInvocationRecord.swift in Sources */ = {isa = PBXBuildFile; fileRef = B537B11124DD903300E0DF06 /* ActionsInvocationRecord.swift */; };
		B5385F0D24D9534700A64CB4 /* REPLBuffer.swift in Sources */ = {isa = PBXBuildFile; fileRef = B5385F0C24D9534700A64CB4 /* REPLBuffer.swift */; };
		B53F313624DEB4AF00F78EE7 /* Constants.swift in Sources */ = {isa = PBXBuildFile; fileRef = B53F313524DEB4AF00F78EE7 /* Constants.swift */; };
		B53F313824DEB7F200F78EE7 /* REPLExecutor.swift in Sources */ = {isa = PBXBuildFile; fileRef = B53F313724DEB7F200F78EE7 /* REPLExecutor.swift */; };
		B53F313A24DED28700F78EE7 /* XCTool.swift in Sources */ = {isa = PBXBuildFile; fileRef = B53F313924DED28600F78EE7 /* XCTool.swift */; };
		B53F313D24DFED7D00F78EE7 /* ArgParser.swift in Sources */ = {isa = PBXBuildFile; fileRef = B53F313C24DFED7D00F78EE7 /* ArgParser.swift */; };
		B54F1FA824D5F3F200D5AC00 /* ActionTestSummary.swift in Sources */ = {isa = PBXBuildFile; fileRef = B54F1FA624D5EF6100D5AC00 /* ActionTestSummary.swift */; };
		B5F77C0024D5666F00953D63 /* main.swift in Sources */ = {isa = PBXBuildFile; fileRef = B5F77BFF24D5666F00953D63 /* main.swift */; };
		B5FFE64B24F938E40011AEE8 /* TestFailure.swift in Sources */ = {isa = PBXBuildFile; fileRef = B5FFE64A24F938E40011AEE8 /* TestFailure.swift */; };
/* End PBXBuildFile section */

/* Begin PBXCopyFilesBuildPhase section */
		B5F77BFA24D5666F00953D63 /* CopyFiles */ = {
			isa = PBXCopyFilesBuildPhase;
			buildActionMask = 2147483647;
			dstPath = /usr/share/man/man1/;
			dstSubfolderSpec = 0;
			files = (
			);
			runOnlyForDeploymentPostprocessing = 1;
		};
/* End PBXCopyFilesBuildPhase section */

/* Begin PBXFileReference section */
		B5141A5C24E477050040310E /* ResultBundle.swift */ = {isa = PBXFileReference; lastKnownFileType = sourcecode.swift; path = ResultBundle.swift; sourceTree = "<group>"; };
		B53404B624D6E6CF00B33393 /* REPLCommand.swift */ = {isa = PBXFileReference; lastKnownFileType = sourcecode.swift; path = REPLCommand.swift; sourceTree = "<group>"; };
		B537B10F24DD28BD00E0DF06 /* ActionTestPlanRunSummaries.swift */ = {isa = PBXFileReference; lastKnownFileType = sourcecode.swift; path = ActionTestPlanRunSummaries.swift; sourceTree = "<group>"; };
		B537B11124DD903300E0DF06 /* ActionsInvocationRecord.swift */ = {isa = PBXFileReference; lastKnownFileType = sourcecode.swift; path = ActionsInvocationRecord.swift; sourceTree = "<group>"; };
		B5385F0C24D9534700A64CB4 /* REPLBuffer.swift */ = {isa = PBXFileReference; lastKnownFileType = sourcecode.swift; path = REPLBuffer.swift; sourceTree = "<group>"; };
		B53F313524DEB4AF00F78EE7 /* Constants.swift */ = {isa = PBXFileReference; lastKnownFileType = sourcecode.swift; path = Constants.swift; sourceTree = "<group>"; };
		B53F313724DEB7F200F78EE7 /* REPLExecutor.swift */ = {isa = PBXFileReference; lastKnownFileType = sourcecode.swift; path = REPLExecutor.swift; sourceTree = "<group>"; };
		B53F313924DED28600F78EE7 /* XCTool.swift */ = {isa = PBXFileReference; lastKnownFileType = sourcecode.swift; path = XCTool.swift; sourceTree = "<group>"; };
		B53F313C24DFED7D00F78EE7 /* ArgParser.swift */ = {isa = PBXFileReference; lastKnownFileType = sourcecode.swift; path = ArgParser.swift; sourceTree = "<group>"; };
		B54F1FA624D5EF6100D5AC00 /* ActionTestSummary.swift */ = {isa = PBXFileReference; lastKnownFileType = sourcecode.swift; path = ActionTestSummary.swift; sourceTree = "<group>"; };
		B5F77BFC24D5666F00953D63 /* XCTool */ = {isa = PBXFileReference; explicitFileType = "compiled.mach-o.executable"; includeInIndex = 0; path = XCTool; sourceTree = BUILT_PRODUCTS_DIR; };
		B5F77BFF24D5666F00953D63 /* main.swift */ = {isa = PBXFileReference; lastKnownFileType = sourcecode.swift; path = main.swift; sourceTree = "<group>"; };
		B5FFE64A24F938E40011AEE8 /* TestFailure.swift */ = {isa = PBXFileReference; lastKnownFileType = sourcecode.swift; path = TestFailure.swift; sourceTree = "<group>"; };
/* End PBXFileReference section */

/* Begin PBXFrameworksBuildPhase section */
		B5F77BF924D5666F00953D63 /* Frameworks */ = {
			isa = PBXFrameworksBuildPhase;
			buildActionMask = 2147483647;
			files = (
			);
			runOnlyForDeploymentPostprocessing = 0;
		};
/* End PBXFrameworksBuildPhase section */

/* Begin PBXGroup section */
		B5F77BF324D5666F00953D63 = {
			isa = PBXGroup;
			children = (
				B5F77BFE24D5666F00953D63 /* XCTool */,
				B5F77BFD24D5666F00953D63 /* Products */,
			);
			sourceTree = "<group>";
		};
		B5F77BFD24D5666F00953D63 /* Products */ = {
			isa = PBXGroup;
			children = (
				B5F77BFC24D5666F00953D63 /* XCTool */,
			);
			name = Products;
			sourceTree = "<group>";
		};
		B5F77BFE24D5666F00953D63 /* XCTool */ = {
			isa = PBXGroup;
			children = (
				B5F77BFF24D5666F00953D63 /* main.swift */,
				B53F313924DED28600F78EE7 /* XCTool.swift */,
				B53F313C24DFED7D00F78EE7 /* ArgParser.swift */,
				B5141A5C24E477050040310E /* ResultBundle.swift */,
				B53F313524DEB4AF00F78EE7 /* Constants.swift */,
				B537B11124DD903300E0DF06 /* ActionsInvocationRecord.swift */,
				B537B10F24DD28BD00E0DF06 /* ActionTestPlanRunSummaries.swift */,
				B54F1FA624D5EF6100D5AC00 /* ActionTestSummary.swift */,
				B53F313724DEB7F200F78EE7 /* REPLExecutor.swift */,
				B53404B624D6E6CF00B33393 /* REPLCommand.swift */,
				B5385F0C24D9534700A64CB4 /* REPLBuffer.swift */,
				B5FFE64A24F938E40011AEE8 /* TestFailure.swift */,
			);
			path = XCTool;
			sourceTree = "<group>";
		};
/* End PBXGroup section */

/* Begin PBXNativeTarget section */
		B5F77BFB24D5666F00953D63 /* XCTool */ = {
			isa = PBXNativeTarget;
			buildConfigurationList = B5F77C0324D5666F00953D63 /* Build configuration list for PBXNativeTarget "XCTool" */;
			buildPhases = (
				B5F77BF824D5666F00953D63 /* Sources */,
				B5F77BF924D5666F00953D63 /* Frameworks */,
				B5F77BFA24D5666F00953D63 /* CopyFiles */,
			);
			buildRules = (
			);
			dependencies = (
			);
			name = XCTool;
			productName = XCParser;
			productReference = B5F77BFC24D5666F00953D63 /* XCTool */;
			productType = "com.apple.product-type.tool";
		};
/* End PBXNativeTarget section */

/* Begin PBXProject section */
		B5F77BF424D5666F00953D63 /* Project object */ = {
			isa = PBXProject;
			attributes = {
				LastSwiftUpdateCheck = 1200;
				LastUpgradeCheck = 1200;
				TargetAttributes = {
					B5F77BFB24D5666F00953D63 = {
						CreatedOnToolsVersion = 12.0;
					};
				};
			};
			buildConfigurationList = B5F77BF724D5666F00953D63 /* Build configuration list for PBXProject "XCTool" */;
			compatibilityVersion = "Xcode 9.3";
			developmentRegion = en;
			hasScannedForEncodings = 0;
			knownRegions = (
				en,
				Base,
			);
			mainGroup = B5F77BF324D5666F00953D63;
			productRefGroup = B5F77BFD24D5666F00953D63 /* Products */;
			projectDirPath = "";
			projectRoot = "";
			targets = (
				B5F77BFB24D5666F00953D63 /* XCTool */,
			);
		};
/* End PBXProject section */

/* Begin PBXSourcesBuildPhase section */
		B5F77BF824D5666F00953D63 /* Sources */ = {
			isa = PBXSourcesBuildPhase;
			buildActionMask = 2147483647;
			files = (
				B5385F0D24D9534700A64CB4 /* REPLBuffer.swift in Sources */,
				B53F313D24DFED7D00F78EE7 /* ArgParser.swift in Sources */,
				B5F77C0024D5666F00953D63 /* main.swift in Sources */,
				B5FFE64B24F938E40011AEE8 /* TestFailure.swift in Sources */,
				B537B11024DD28BD00E0DF06 /* ActionTestPlanRunSummaries.swift in Sources */,
				B53F313A24DED28700F78EE7 /* XCTool.swift in Sources */,
				B537B11224DD903300E0DF06 /* ActionsInvocationRecord.swift in Sources */,
				B53F313824DEB7F200F78EE7 /* REPLExecutor.swift in Sources */,
				B53F313624DEB4AF00F78EE7 /* Constants.swift in Sources */,
				B53404B724D6E6CF00B33393 /* REPLCommand.swift in Sources */,
				B54F1FA824D5F3F200D5AC00 /* ActionTestSummary.swift in Sources */,
				B5141A5D24E477050040310E /* ResultBundle.swift in Sources */,
			);
			runOnlyForDeploymentPostprocessing = 0;
		};
/* End PBXSourcesBuildPhase section */

/* Begin XCBuildConfiguration section */
		B5F77C0124D5666F00953D63 /* Debug */ = {
			isa = XCBuildConfiguration;
			buildSettings = {
				ALWAYS_SEARCH_USER_PATHS = NO;
				CLANG_ANALYZER_NONNULL = YES;
				CLANG_ANALYZER_NUMBER_OBJECT_CONVERSION = YES_AGGRESSIVE;
				CLANG_CXX_LANGUAGE_STANDARD = "gnu++14";
				CLANG_CXX_LIBRARY = "libc++";
				CLANG_ENABLE_MODULES = YES;
				CLANG_ENABLE_OBJC_ARC = YES;
				CLANG_ENABLE_OBJC_WEAK = YES;
				CLANG_WARN_BLOCK_CAPTURE_AUTORELEASING = YES;
				CLANG_WARN_BOOL_CONVERSION = YES;
				CLANG_WARN_COMMA = YES;
				CLANG_WARN_CONSTANT_CONVERSION = YES;
				CLANG_WARN_DEPRECATED_OBJC_IMPLEMENTATIONS = YES;
				CLANG_WARN_DIRECT_OBJC_ISA_USAGE = YES_ERROR;
				CLANG_WARN_DOCUMENTATION_COMMENTS = YES;
				CLANG_WARN_EMPTY_BODY = YES;
				CLANG_WARN_ENUM_CONVERSION = YES;
				CLANG_WARN_INFINITE_RECURSION = YES;
				CLANG_WARN_INT_CONVERSION = YES;
				CLANG_WARN_NON_LITERAL_NULL_CONVERSION = YES;
				CLANG_WARN_OBJC_IMPLICIT_RETAIN_SELF = YES;
				CLANG_WARN_OBJC_LITERAL_CONVERSION = YES;
				CLANG_WARN_OBJC_ROOT_CLASS = YES_ERROR;
				CLANG_WARN_QUOTED_INCLUDE_IN_FRAMEWORK_HEADER = YES;
				CLANG_WARN_RANGE_LOOP_ANALYSIS = YES;
				CLANG_WARN_STRICT_PROTOTYPES = YES;
				CLANG_WARN_SUSPICIOUS_MOVE = YES;
				CLANG_WARN_UNGUARDED_AVAILABILITY = YES_AGGRESSIVE;
				CLANG_WARN_UNREACHABLE_CODE = YES;
				CLANG_WARN__DUPLICATE_METHOD_MATCH = YES;
				COPY_PHASE_STRIP = NO;
				DEBUG_INFORMATION_FORMAT = dwarf;
				ENABLE_STRICT_OBJC_MSGSEND = YES;
				ENABLE_TESTABILITY = YES;
				GCC_C_LANGUAGE_STANDARD = gnu11;
				GCC_DYNAMIC_NO_PIC = NO;
				GCC_NO_COMMON_BLOCKS = YES;
				GCC_OPTIMIZATION_LEVEL = 0;
				GCC_PREPROCESSOR_DEFINITIONS = (
					"DEBUG=1",
					"$(inherited)",
				);
				GCC_WARN_64_TO_32_BIT_CONVERSION = YES;
				GCC_WARN_ABOUT_RETURN_TYPE = YES_ERROR;
				GCC_WARN_UNDECLARED_SELECTOR = YES;
				GCC_WARN_UNINITIALIZED_AUTOS = YES_AGGRESSIVE;
				GCC_WARN_UNUSED_FUNCTION = YES;
				GCC_WARN_UNUSED_VARIABLE = YES;
				MACOSX_DEPLOYMENT_TARGET = 10.15;
				MTL_ENABLE_DEBUG_INFO = INCLUDE_SOURCE;
				MTL_FAST_MATH = YES;
				ONLY_ACTIVE_ARCH = YES;
				SDKROOT = macosx;
				SWIFT_ACTIVE_COMPILATION_CONDITIONS = DEBUG;
				SWIFT_OPTIMIZATION_LEVEL = "-Onone";
			};
			name = Debug;
		};
		B5F77C0224D5666F00953D63 /* Release */ = {
			isa = XCBuildConfiguration;
			buildSettings = {
				ALWAYS_SEARCH_USER_PATHS = NO;
				CLANG_ANALYZER_NONNULL = YES;
				CLANG_ANALYZER_NUMBER_OBJECT_CONVERSION = YES_AGGRESSIVE;
				CLANG_CXX_LANGUAGE_STANDARD = "gnu++14";
				CLANG_CXX_LIBRARY = "libc++";
				CLANG_ENABLE_MODULES = YES;
				CLANG_ENABLE_OBJC_ARC = YES;
				CLANG_ENABLE_OBJC_WEAK = YES;
				CLANG_WARN_BLOCK_CAPTURE_AUTORELEASING = YES;
				CLANG_WARN_BOOL_CONVERSION = YES;
				CLANG_WARN_COMMA = YES;
				CLANG_WARN_CONSTANT_CONVERSION = YES;
				CLANG_WARN_DEPRECATED_OBJC_IMPLEMENTATIONS = YES;
				CLANG_WARN_DIRECT_OBJC_ISA_USAGE = YES_ERROR;
				CLANG_WARN_DOCUMENTATION_COMMENTS = YES;
				CLANG_WARN_EMPTY_BODY = YES;
				CLANG_WARN_ENUM_CONVERSION = YES;
				CLANG_WARN_INFINITE_RECURSION = YES;
				CLANG_WARN_INT_CONVERSION = YES;
				CLANG_WARN_NON_LITERAL_NULL_CONVERSION = YES;
				CLANG_WARN_OBJC_IMPLICIT_RETAIN_SELF = YES;
				CLANG_WARN_OBJC_LITERAL_CONVERSION = YES;
				CLANG_WARN_OBJC_ROOT_CLASS = YES_ERROR;
				CLANG_WARN_QUOTED_INCLUDE_IN_FRAMEWORK_HEADER = YES;
				CLANG_WARN_RANGE_LOOP_ANALYSIS = YES;
				CLANG_WARN_STRICT_PROTOTYPES = YES;
				CLANG_WARN_SUSPICIOUS_MOVE = YES;
				CLANG_WARN_UNGUARDED_AVAILABILITY = YES_AGGRESSIVE;
				CLANG_WARN_UNREACHABLE_CODE = YES;
				CLANG_WARN__DUPLICATE_METHOD_MATCH = YES;
				COPY_PHASE_STRIP = NO;
				DEBUG_INFORMATION_FORMAT = "dwarf-with-dsym";
				ENABLE_NS_ASSERTIONS = NO;
				ENABLE_STRICT_OBJC_MSGSEND = YES;
				GCC_C_LANGUAGE_STANDARD = gnu11;
				GCC_NO_COMMON_BLOCKS = YES;
				GCC_WARN_64_TO_32_BIT_CONVERSION = YES;
				GCC_WARN_ABOUT_RETURN_TYPE = YES_ERROR;
				GCC_WARN_UNDECLARED_SELECTOR = YES;
				GCC_WARN_UNINITIALIZED_AUTOS = YES_AGGRESSIVE;
				GCC_WARN_UNUSED_FUNCTION = YES;
				GCC_WARN_UNUSED_VARIABLE = YES;
				MACOSX_DEPLOYMENT_TARGET = 10.15;
				MTL_ENABLE_DEBUG_INFO = NO;
				MTL_FAST_MATH = YES;
				SDKROOT = macosx;
				SWIFT_COMPILATION_MODE = wholemodule;
				SWIFT_OPTIMIZATION_LEVEL = "-O";
			};
			name = Release;
		};
		B5F77C0424D5666F00953D63 /* Debug */ = {
			isa = XCBuildConfiguration;
			buildSettings = {
				CODE_SIGN_STYLE = Automatic;
				DEVELOPMENT_TEAM = 8MLCLBT8FW;
				ENABLE_HARDENED_RUNTIME = YES;
				PRODUCT_BUNDLE_IDENTIFIER = com.sk.XCTool;
				PRODUCT_NAME = "$(TARGET_NAME)";
				SWIFT_VERSION = 5.0;
			};
			name = Debug;
		};
		B5F77C0524D5666F00953D63 /* Release */ = {
			isa = XCBuildConfiguration;
			buildSettings = {
				CODE_SIGN_STYLE = Automatic;
				DEVELOPMENT_TEAM = 8MLCLBT8FW;
				ENABLE_HARDENED_RUNTIME = YES;
				PRODUCT_BUNDLE_IDENTIFIER = com.sk.XCTool;
				PRODUCT_NAME = "$(TARGET_NAME)";
				SWIFT_VERSION = 5.0;
			};
			name = Release;
		};
/* End XCBuildConfiguration section */

/* Begin XCConfigurationList section */
		B5F77BF724D5666F00953D63 /* Build configuration list for PBXProject "XCTool" */ = {
			isa = XCConfigurationList;
			buildConfigurations = (
				B5F77C0124D5666F00953D63 /* Debug */,
				B5F77C0224D5666F00953D63 /* Release */,
			);
			defaultConfigurationIsVisible = 0;
			defaultConfigurationName = Release;
		};
		B5F77C0324D5666F00953D63 /* Build configuration list for PBXNativeTarget "XCTool" */ = {
			isa = XCConfigurationList;
			buildConfigurations = (
				B5F77C0424D5666F00953D63 /* Debug */,
				B5F77C0524D5666F00953D63 /* Release */,
			);
			defaultConfigurationIsVisible = 0;
			defaultConfigurationName = Release;
		};
/* End XCConfigurationList section */
	};
	rootObject = B5F77BF424D5666F00953D63 /* Project object */;
}
